
Microsoft Visual Studio Solution File, Format Version 12.00
# Visual Studio Version 16
VisualStudioVersion = 16.0.30621.155
MinimumVisualStudioVersion = 10.0.40219.1
Project("{FAE04EC0-301F-11D3-BF4B-00C04F79EFBC}") = "RusProfileApplication", "RusProfileApplication\RusProfileApplication.csproj", "{28BA4CEF-AB8E-4FB2-8D2B-A9CBF68F101E}"
EndProject
Project("{FAE04EC0-301F-11D3-BF4B-00C04F79EFBC}") = "SettingsAplifier", "SettingsAplifier\SettingsAplifier.csproj", "{86E9766B-5DBE-4EB5-8E55-BC7E1DF8B3B8}"
EndProject
Project("{FAE04EC0-301F-11D3-BF4B-00C04F79EFBC}") = "LinksParser", "LinksParser\LinksParser.csproj", "{6D0976B3-35AB-4BB3-A6DC-977D2E4FAF9B}"
EndProject
Project("{FAE04EC0-301F-11D3-BF4B-00C04F79EFBC}") = "DescriptionUpdater", "DescriptionUpdater\DescriptionUpdater.csproj", "{328F0E39-B734-4647-9490-9D8968349D86}"
EndProject
Global
	GlobalSection(SolutionConfigurationPlatforms) = preSolution
		Debug|Any CPU = Debug|Any CPU
		Release|Any CPU = Release|Any CPU
	EndGlobalSection
	GlobalSection(ProjectConfigurationPlatforms) = postSolution
		{28BA4CEF-AB8E-4FB2-8D2B-A9CBF68F101E}.Debug|Any CPU.ActiveCfg = Debug|Any CPU
		{28BA4CEF-AB8E-4FB2-8D2B-A9CBF68F101E}.Debug|Any CPU.Build.0 = Debug|Any CPU
		{28BA4CEF-AB8E-4FB2-8D2B-A9CBF68F101E}.Release|Any CPU.ActiveCfg = Release|Any CPU
		{28BA4CEF-AB8E-4FB2-8D2B-A9CBF68F101E}.Release|Any CPU.Build.0 = Release|Any CPU
		{86E9766B-5DBE-4EB5-8E55-BC7E1DF8B3B8}.Debug|Any CPU.ActiveCfg = Debug|Any CPU
		{86E9766B-5DBE-4EB5-8E55-BC7E1DF8B3B8}.Debug|Any CPU.Build.0 = Debug|Any CPU
		{86E9766B-5DBE-4EB5-8E55-BC7E1DF8B3B8}.Release|Any CPU.ActiveCfg = Release|Any CPU
		{86E9766B-5DBE-4EB5-8E55-BC7E1DF8B3B8}.Release|Any CPU.Build.0 = Release|Any CPU
		{6D0976B3-35AB-4BB3-A6DC-977D2E4FAF9B}.Debug|Any CPU.ActiveCfg = Debug|Any CPU
		{6D0976B3-35AB-4BB3-A6DC-977D2E4FAF9B}.Debug|Any CPU.Build.0 = Debug|Any CPU
		{6D0976B3-35AB-4BB3-A6DC-977D2E4FAF9B}.Release|Any CPU.ActiveCfg = Release|Any CPU
		{6D0976B3-35AB-4BB3-A6DC-977D2E4FAF9B}.Release|Any CPU.Build.0 = Release|Any CPU
		{328F0E39-B734-4647-9490-9D8968349D86}.Debug|Any CPU.ActiveCfg = Debug|Any CPU
		{328F0E39-B734-4647-9490-9D8968349D86}.Debug|Any CPU.Build.0 = Debug|Any CPU
		{328F0E39-B734-4647-9490-9D8968349D86}.Release|Any CPU.ActiveCfg = Release|Any CPU
		{328F0E39-B734-4647-9490-9D8968349D86}.Release|Any CPU.Build.0 = Release|Any CPU
	EndGlobalSection
	GlobalSection(SolutionProperties) = preSolution
		HideSolutionNode = FALSE
	EndGlobalSection
	GlobalSection(ExtensibilityGlobals) = postSolution
		SolutionGuid = {5F3D87EE-8324-4BBB-A711-6F1B26310217}
	EndGlobalSection
EndGlobal
